
Microsoft Visual Studio Solution File, Format Version 12.00
# Visual Studio Version 16
VisualStudioVersion = 16.0.31313.79
MinimumVisualStudioVersion = 10.0.40219.1
Project("{FAE04EC0-301F-11D3-BF4B-00C04F79EFBC}") = "BaseLinkerOrdersAPI", "BaseLinkerOrdersAPI\BaseLinkerOrdersAPI.csproj", "{F113B006-85BD-4082-B902-3BC0AB489A04}"
EndProject
Global
	GlobalSection(SolutionConfigurationPlatforms) = preSolution
		Debug|Any CPU = Debug|Any CPU
		Release|Any CPU = Release|Any CPU
	EndGlobalSection
	GlobalSection(ProjectConfigurationPlatforms) = postSolution
		{F113B006-85BD-4082-B902-3BC0AB489A04}.Debug|Any CPU.ActiveCfg = Debug|Any CPU
		{F113B006-85BD-4082-B902-3BC0AB489A04}.Debug|Any CPU.Build.0 = Debug|Any CPU
		{F113B006-85BD-4082-B902-3BC0AB489A04}.Release|Any CPU.ActiveCfg = Release|Any CPU
		{F113B006-85BD-4082-B902-3BC0AB489A04}.Release|Any CPU.Build.0 = Release|Any CPU
	EndGlobalSection
	GlobalSection(SolutionProperties) = preSolution
		HideSolutionNode = FALSE
	EndGlobalSection
	GlobalSection(ExtensibilityGlobals) = postSolution
		SolutionGuid = {65B36D16-5FBD-4316-9B97-ACBF8135FDF8}
	EndGlobalSection
EndGlobal
